
Microsoft Visual Studio Solution File, Format Version 12.00
# Visual Studio 15
VisualStudioVersion = 15.0.28307.136
MinimumVisualStudioVersion = 10.0.40219.1
Project("{FAE04EC0-301F-11D3-BF4B-00C04F79EFBC}") = "WpfLauncher", "WpfLauncher\WpfLauncher.csproj", "{F18D1A33-B793-449D-B725-93938CABC203}"
EndProject
Global
	GlobalSection(SolutionConfigurationPlatforms) = preSolution
		Debug|Any CPU = Debug|Any CPU
		Release|Any CPU = Release|Any CPU
	EndGlobalSection
	GlobalSection(ProjectConfigurationPlatforms) = postSolution
		{F18D1A33-B793-449D-B725-93938CABC203}.Debug|Any CPU.ActiveCfg = Debug|Any CPU
		{F18D1A33-B793-449D-B725-93938CABC203}.Debug|Any CPU.Build.0 = Debug|Any CPU
		{F18D1A33-B793-449D-B725-93938CABC203}.Release|Any CPU.ActiveCfg = Release|Any CPU
		{F18D1A33-B793-449D-B725-93938CABC203}.Release|Any CPU.Build.0 = Release|Any CPU
	EndGlobalSection
	GlobalSection(SolutionProperties) = preSolution
		HideSolutionNode = FALSE
	EndGlobalSection
	GlobalSection(ExtensibilityGlobals) = postSolution
		SolutionGuid = {DBBC0C4B-9BA9-47CC-B68E-86CF4DC65BF6}
	EndGlobalSection
EndGlobal
